// !$*UTF8*$!
{
	archiveVersion = 1;
	classes = {
	};
	objectVersion = 46;
	objects = {

/* Begin PBXBuildFile section */
		B5F0EDF01C86179A00249461 /* AppDelegate.swift in Sources */ = {isa = PBXBuildFile; fileRef = B5F0EDEF1C86179A00249461 /* AppDelegate.swift */; };
		B5F0EDF21C86179A00249461 /* ViewController.swift in Sources */ = {isa = PBXBuildFile; fileRef = B5F0EDF11C86179A00249461 /* ViewController.swift */; };
		B5F0EDF51C86179A00249461 /* Main.storyboard in Resources */ = {isa = PBXBuildFile; fileRef = B5F0EDF31C86179A00249461 /* Main.storyboard */; };
		B5F0EDF71C86179A00249461 /* Assets.xcassets in Resources */ = {isa = PBXBuildFile; fileRef = B5F0EDF61C86179A00249461 /* Assets.xcassets */; };
		B5F0EDFA1C86179A00249461 /* LaunchScreen.storyboard in Resources */ = {isa = PBXBuildFile; fileRef = B5F0EDF81C86179A00249461 /* LaunchScreen.storyboard */; };
		B5F0EE051C86179A00249461 /* Bull_eye_blindTests.swift in Sources */ = {isa = PBXBuildFile; fileRef = B5F0EE041C86179A00249461 /* Bull_eye_blindTests.swift */; };
		B5F0EE101C86179A00249461 /* Bull_eye_blindUITests.swift in Sources */ = {isa = PBXBuildFile; fileRef = B5F0EE0F1C86179A00249461 /* Bull_eye_blindUITests.swift */; };
		B5F0EE1E1C86292100249461 /* AboutViewController.swift in Sources */ = {isa = PBXBuildFile; fileRef = B5F0EE1D1C86292100249461 /* AboutViewController.swift */; };
/* End PBXBuildFile section */

/* Begin PBXContainerItemProxy section */
		B5F0EE011C86179A00249461 /* PBXContainerItemProxy */ = {
			isa = PBXContainerItemProxy;
			containerPortal = B5F0EDE41C86179900249461 /* Project object */;
			proxyType = 1;
			remoteGlobalIDString = B5F0EDEB1C86179900249461;
			remoteInfo = "Bull-eye-blind";
		};
		B5F0EE0C1C86179A00249461 /* PBXContainerItemProxy */ = {
			isa = PBXContainerItemProxy;
			containerPortal = B5F0EDE41C86179900249461 /* Project object */;
			proxyType = 1;
			remoteGlobalIDString = B5F0EDEB1C86179900249461;
			remoteInfo = "Bull-eye-blind";
		};
/* End PBXContainerItemProxy section */

/* Begin PBXFileReference section */
		B5F0EDEC1C86179A00249461 /* Bull-eye-blind.app */ = {isa = PBXFileReference; explicitFileType = wrapper.application; includeInIndex = 0; path = "Bull-eye-blind.app"; sourceTree = BUILT_PRODUCTS_DIR; };
		B5F0EDEF1C86179A00249461 /* AppDelegate.swift */ = {isa = PBXFileReference; lastKnownFileType = sourcecode.swift; path = AppDelegate.swift; sourceTree = "<group>"; };
		B5F0EDF11C86179A00249461 /* ViewController.swift */ = {isa = PBXFileReference; lastKnownFileType = sourcecode.swift; path = ViewController.swift; sourceTree = "<group>"; };
		B5F0EDF41C86179A00249461 /* Base */ = {isa = PBXFileReference; lastKnownFileType = file.storyboard; name = Base; path = Base.lproj/Main.storyboard; sourceTree = "<group>"; };
		B5F0EDF61C86179A00249461 /* Assets.xcassets */ = {isa = PBXFileReference; lastKnownFileType = folder.assetcatalog; path = Assets.xcassets; sourceTree = "<group>"; };
		B5F0EDF91C86179A00249461 /* Base */ = {isa = PBXFileReference; lastKnownFileType = file.storyboard; name = Base; path = Base.lproj/LaunchScreen.storyboard; sourceTree = "<group>"; };
		B5F0EDFB1C86179A00249461 /* Info.plist */ = {isa = PBXFileReference; lastKnownFileType = text.plist.xml; path = Info.plist; sourceTree = "<group>"; };
		B5F0EE001C86179A00249461 /* Bull-eye-blindTests.xctest */ = {isa = PBXFileReference; explicitFileType = wrapper.cfbundle; includeInIndex = 0; path = "Bull-eye-blindTests.xctest"; sourceTree = BUILT_PRODUCTS_DIR; };
		B5F0EE041C86179A00249461 /* Bull_eye_blindTests.swift */ = {isa = PBXFileReference; lastKnownFileType = sourcecode.swift; path = Bull_eye_blindTests.swift; sourceTree = "<group>"; };
		B5F0EE061C86179A00249461 /* Info.plist */ = {isa = PBXFileReference; lastKnownFileType = text.plist.xml; path = Info.plist; sourceTree = "<group>"; };
		B5F0EE0B1C86179A00249461 /* Bull-eye-blindUITests.xctest */ = {isa = PBXFileReference; explicitFileType = wrapper.cfbundle; includeInIndex = 0; path = "Bull-eye-blindUITests.xctest"; sourceTree = BUILT_PRODUCTS_DIR; };
		B5F0EE0F1C86179A00249461 /* Bull_eye_blindUITests.swift */ = {isa = PBXFileReference; lastKnownFileType = sourcecode.swift; path = Bull_eye_blindUITests.swift; sourceTree = "<group>"; };
		B5F0EE111C86179A00249461 /* Info.plist */ = {isa = PBXFileReference; lastKnownFileType = text.plist.xml; path = Info.plist; sourceTree = "<group>"; };
		B5F0EE1D1C86292100249461 /* AboutViewController.swift */ = {isa = PBXFileReference; fileEncoding = 4; lastKnownFileType = sourcecode.swift; path = AboutViewController.swift; sourceTree = "<group>"; };
/* End PBXFileReference section */

/* Begin PBXFrameworksBuildPhase section */
		B5F0EDE91C86179900249461 /* Frameworks */ = {
			isa = PBXFrameworksBuildPhase;
			buildActionMask = 2147483647;
			files = (
			);
			runOnlyForDeploymentPostprocessing = 0;
		};
		B5F0EDFD1C86179A00249461 /* Frameworks */ = {
			isa = PBXFrameworksBuildPhase;
			buildActionMask = 2147483647;
			files = (
			);
			runOnlyForDeploymentPostprocessing = 0;
		};
		B5F0EE081C86179A00249461 /* Frameworks */ = {
			isa = PBXFrameworksBuildPhase;
			buildActionMask = 2147483647;
			files = (
			);
			runOnlyForDeploymentPostprocessing = 0;
		};
/* End PBXFrameworksBuildPhase section */

/* Begin PBXGroup section */
		B5F0EDE31C86179900249461 = {
			isa = PBXGroup;
			children = (
				B5F0EDEE1C86179A00249461 /* Bull-eye-blind */,
				B5F0EE031C86179A00249461 /* Bull-eye-blindTests */,
				B5F0EE0E1C86179A00249461 /* Bull-eye-blindUITests */,
				B5F0EDED1C86179A00249461 /* Products */,
			);
			sourceTree = "<group>";
		};
		B5F0EDED1C86179A00249461 /* Products */ = {
			isa = PBXGroup;
			children = (
				B5F0EDEC1C86179A00249461 /* Bull-eye-blind.app */,
				B5F0EE001C86179A00249461 /* Bull-eye-blindTests.xctest */,
				B5F0EE0B1C86179A00249461 /* Bull-eye-blindUITests.xctest */,
			);
			name = Products;
			sourceTree = "<group>";
		};
		B5F0EDEE1C86179A00249461 /* Bull-eye-blind */ = {
			isa = PBXGroup;
			children = (
				B5F0EDEF1C86179A00249461 /* AppDelegate.swift */,
				B5F0EDF11C86179A00249461 /* ViewController.swift */,
				B5F0EDF31C86179A00249461 /* Main.storyboard */,
				B5F0EE1D1C86292100249461 /* AboutViewController.swift */,
				B5F0EDF61C86179A00249461 /* Assets.xcassets */,
				B5F0EDF81C86179A00249461 /* LaunchScreen.storyboard */,
				B5F0EDFB1C86179A00249461 /* Info.plist */,
			);
			path = "Bull-eye-blind";
			sourceTree = "<group>";
		};
		B5F0EE031C86179A00249461 /* Bull-eye-blindTests */ = {
			isa = PBXGroup;
			children = (
				B5F0EE041C86179A00249461 /* Bull_eye_blindTests.swift */,
				B5F0EE061C86179A00249461 /* Info.plist */,
			);
			path = "Bull-eye-blindTests";
			sourceTree = "<group>";
		};
		B5F0EE0E1C86179A00249461 /* Bull-eye-blindUITests */ = {
			isa = PBXGroup;
			children = (
				B5F0EE0F1C86179A00249461 /* Bull_eye_blindUITests.swift */,
				B5F0EE111C86179A00249461 /* Info.plist */,
			);
			path = "Bull-eye-blindUITests";
			sourceTree = "<group>";
		};
/* End PBXGroup section */

/* Begin PBXNativeTarget section */
		B5F0EDEB1C86179900249461 /* Bull-eye-blind */ = {
			isa = PBXNativeTarget;
			buildConfigurationList = B5F0EE141C86179A00249461 /* Build configuration list for PBXNativeTarget "Bull-eye-blind" */;
			buildPhases = (
				B5F0EDE81C86179900249461 /* Sources */,
				B5F0EDE91C86179900249461 /* Frameworks */,
				B5F0EDEA1C86179900249461 /* Resources */,
			);
			buildRules = (
			);
			dependencies = (
			);
			name = "Bull-eye-blind";
			productName = "Bull-eye-blind";
			productReference = B5F0EDEC1C86179A00249461 /* Bull-eye-blind.app */;
			productType = "com.apple.product-type.application";
		};
		B5F0EDFF1C86179A00249461 /* Bull-eye-blindTests */ = {
			isa = PBXNativeTarget;
			buildConfigurationList = B5F0EE171C86179A00249461 /* Build configuration list for PBXNativeTarget "Bull-eye-blindTests" */;
			buildPhases = (
				B5F0EDFC1C86179A00249461 /* Sources */,
				B5F0EDFD1C86179A00249461 /* Frameworks */,
				B5F0EDFE1C86179A00249461 /* Resources */,
			);
			buildRules = (
			);
			dependencies = (
				B5F0EE021C86179A00249461 /* PBXTargetDependency */,
			);
			name = "Bull-eye-blindTests";
			productName = "Bull-eye-blindTests";
			productReference = B5F0EE001C86179A00249461 /* Bull-eye-blindTests.xctest */;
			productType = "com.apple.product-type.bundle.unit-test";
		};
		B5F0EE0A1C86179A00249461 /* Bull-eye-blindUITests */ = {
			isa = PBXNativeTarget;
			buildConfigurationList = B5F0EE1A1C86179A00249461 /* Build configuration list for PBXNativeTarget "Bull-eye-blindUITests" */;
			buildPhases = (
				B5F0EE071C86179A00249461 /* Sources */,
				B5F0EE081C86179A00249461 /* Frameworks */,
				B5F0EE091C86179A00249461 /* Resources */,
			);
			buildRules = (
			);
			dependencies = (
				B5F0EE0D1C86179A00249461 /* PBXTargetDependency */,
			);
			name = "Bull-eye-blindUITests";
			productName = "Bull-eye-blindUITests";
			productReference = B5F0EE0B1C86179A00249461 /* Bull-eye-blindUITests.xctest */;
			productType = "com.apple.product-type.bundle.ui-testing";
		};
/* End PBXNativeTarget section */

/* Begin PBXProject section */
		B5F0EDE41C86179900249461 /* Project object */ = {
			isa = PBXProject;
			attributes = {
				LastSwiftUpdateCheck = 0720;
				LastUpgradeCheck = 0720;
				ORGANIZATIONNAME = Zhiyong;
				TargetAttributes = {
					B5F0EDEB1C86179900249461 = {
						CreatedOnToolsVersion = 7.2.1;
						DevelopmentTeam = 3V974Q2KJ7;
					};
					B5F0EDFF1C86179A00249461 = {
						CreatedOnToolsVersion = 7.2.1;
						DevelopmentTeam = 3V974Q2KJ7;
						TestTargetID = B5F0EDEB1C86179900249461;
					};
					B5F0EE0A1C86179A00249461 = {
						CreatedOnToolsVersion = 7.2.1;
						DevelopmentTeam = 3V974Q2KJ7;
						TestTargetID = B5F0EDEB1C86179900249461;
					};
				};
			};
			buildConfigurationList = B5F0EDE71C86179900249461 /* Build configuration list for PBXProject "Bull-eye-blind" */;
			compatibilityVersion = "Xcode 3.2";
			developmentRegion = English;
			hasScannedForEncodings = 0;
			knownRegions = (
				en,
				Base,
			);
			mainGroup = B5F0EDE31C86179900249461;
			productRefGroup = B5F0EDED1C86179A00249461 /* Products */;
			projectDirPath = "";
			projectRoot = "";
			targets = (
				B5F0EDEB1C86179900249461 /* Bull-eye-blind */,
				B5F0EDFF1C86179A00249461 /* Bull-eye-blindTests */,
				B5F0EE0A1C86179A00249461 /* Bull-eye-blindUITests */,
			);
		};
/* End PBXProject section */

/* Begin PBXResourcesBuildPhase section */
		B5F0EDEA1C86179900249461 /* Resources */ = {
			isa = PBXResourcesBuildPhase;
			buildActionMask = 2147483647;
			files = (
				B5F0EDFA1C86179A00249461 /* LaunchScreen.storyboard in Resources */,
				B5F0EDF71C86179A00249461 /* Assets.xcassets in Resources */,
				B5F0EDF51C86179A00249461 /* Main.storyboard in Resources */,
			);
			runOnlyForDeploymentPostprocessing = 0;
		};
		B5F0EDFE1C86179A00249461 /* Resources */ = {
			isa = PBXResourcesBuildPhase;
			buildActionMask = 2147483647;
			files = (
			);
			runOnlyForDeploymentPostprocessing = 0;
		};
		B5F0EE091C86179A00249461 /* Resources */ = {
			isa = PBXResourcesBuildPhase;
			buildActionMask = 2147483647;
			files = (
			);
			runOnlyForDeploymentPostprocessing = 0;
		};
/* End PBXResourcesBuildPhase section */

/* Begin PBXSourcesBuildPhase section */
		B5F0EDE81C86179900249461 /* Sources */ = {
			isa = PBXSourcesBuildPhase;
			buildActionMask = 2147483647;
			files = (
				B5F0EE1E1C86292100249461 /* AboutViewController.swift in Sources */,
				B5F0EDF21C86179A00249461 /* ViewController.swift in Sources */,
				B5F0EDF01C86179A00249461 /* AppDelegate.swift in Sources */,
			);
			runOnlyForDeploymentPostprocessing = 0;
		};
		B5F0EDFC1C86179A00249461 /* Sources */ = {
			isa = PBXSourcesBuildPhase;
			buildActionMask = 2147483647;
			files = (
				B5F0EE051C86179A00249461 /* Bull_eye_blindTests.swift in Sources */,
			);
			runOnlyForDeploymentPostprocessing = 0;
		};
		B5F0EE071C86179A00249461 /* Sources */ = {
			isa = PBXSourcesBuildPhase;
			buildActionMask = 2147483647;
			files = (
				B5F0EE101C86179A00249461 /* Bull_eye_blindUITests.swift in Sources */,
			);
			runOnlyForDeploymentPostprocessing = 0;
		};
/* End PBXSourcesBuildPhase section */

/* Begin PBXTargetDependency section */
		B5F0EE021C86179A00249461 /* PBXTargetDependency */ = {
			isa = PBXTargetDependency;
			target = B5F0EDEB1C86179900249461 /* Bull-eye-blind */;
			targetProxy = B5F0EE011C86179A00249461 /* PBXContainerItemProxy */;
		};
		B5F0EE0D1C86179A00249461 /* PBXTargetDependency */ = {
			isa = PBXTargetDependency;
			target = B5F0EDEB1C86179900249461 /* Bull-eye-blind */;
			targetProxy = B5F0EE0C1C86179A00249461 /* PBXContainerItemProxy */;
		};
/* End PBXTargetDependency section */

/* Begin PBXVariantGroup section */
		B5F0EDF31C86179A00249461 /* Main.storyboard */ = {
			isa = PBXVariantGroup;
			children = (
				B5F0EDF41C86179A00249461 /* Base */,
			);
			name = Main.storyboard;
			sourceTree = "<group>";
		};
		B5F0EDF81C86179A00249461 /* LaunchScreen.storyboard */ = {
			isa = PBXVariantGroup;
			children = (
				B5F0EDF91C86179A00249461 /* Base */,
			);
			name = LaunchScreen.storyboard;
			sourceTree = "<group>";
		};
/* End PBXVariantGroup section */

/* Begin XCBuildConfiguration section */
		B5F0EE121C86179A00249461 /* Debug */ = {
			isa = XCBuildConfiguration;
			buildSettings = {
				ALWAYS_SEARCH_USER_PATHS = NO;
				CLANG_CXX_LANGUAGE_STANDARD = "gnu++0x";
				CLANG_CXX_LIBRARY = "libc++";
				CLANG_ENABLE_MODULES = YES;
				CLANG_ENABLE_OBJC_ARC = YES;
				CLANG_WARN_BOOL_CONVERSION = YES;
				CLANG_WARN_CONSTANT_CONVERSION = YES;
				CLANG_WARN_DIRECT_OBJC_ISA_USAGE = YES_ERROR;
				CLANG_WARN_EMPTY_BODY = YES;
				CLANG_WARN_ENUM_CONVERSION = YES;
				CLANG_WARN_INT_CONVERSION = YES;
				CLANG_WARN_OBJC_ROOT_CLASS = YES_ERROR;
				CLANG_WARN_UNREACHABLE_CODE = YES;
				CLANG_WARN__DUPLICATE_METHOD_MATCH = YES;
				"CODE_SIGN_IDENTITY[sdk=iphoneos*]" = "iPhone Developer";
				COPY_PHASE_STRIP = NO;
				DEBUG_INFORMATION_FORMAT = dwarf;
				ENABLE_STRICT_OBJC_MSGSEND = YES;
				ENABLE_TESTABILITY = YES;
				GCC_C_LANGUAGE_STANDARD = gnu99;
				GCC_DYNAMIC_NO_PIC = NO;
				GCC_NO_COMMON_BLOCKS = YES;
				GCC_OPTIMIZATION_LEVEL = 0;
				GCC_PREPROCESSOR_DEFINITIONS = (
					"DEBUG=1",
					"$(inherited)",
				);
				GCC_WARN_64_TO_32_BIT_CONVERSION = YES;
				GCC_WARN_ABOUT_RETURN_TYPE = YES_ERROR;
				GCC_WARN_UNDECLARED_SELECTOR = YES;
				GCC_WARN_UNINITIALIZED_AUTOS = YES_AGGRESSIVE;
				GCC_WARN_UNUSED_FUNCTION = YES;
				GCC_WARN_UNUSED_VARIABLE = YES;
				IPHONEOS_DEPLOYMENT_TARGET = 9.2;
				MTL_ENABLE_DEBUG_INFO = YES;
				ONLY_ACTIVE_ARCH = YES;
				SDKROOT = iphoneos;
				SWIFT_OPTIMIZATION_LEVEL = "-Onone";
				TARGETED_DEVICE_FAMILY = "1,2";
			};
			name = Debug;
		};
		B5F0EE131C86179A00249461 /* Release */ = {
			isa = XCBuildConfiguration;
			buildSettings = {
				ALWAYS_SEARCH_USER_PATHS = NO;
				CLANG_CXX_LANGUAGE_STANDARD = "gnu++0x";
				CLANG_CXX_LIBRARY = "libc++";
				CLANG_ENABLE_MODULES = YES;
				CLANG_ENABLE_OBJC_ARC = YES;
				CLANG_WARN_BOOL_CONVERSION = YES;
				CLANG_WARN_CONSTANT_CONVERSION = YES;
				CLANG_WARN_DIRECT_OBJC_ISA_USAGE = YES_ERROR;
				CLANG_WARN_EMPTY_BODY = YES;
				CLANG_WARN_ENUM_CONVERSION = YES;
				CLANG_WARN_INT_CONVERSION = YES;
				CLANG_WARN_OBJC_ROOT_CLASS = YES_ERROR;
				CLANG_WARN_UNREACHABLE_CODE = YES;
				CLANG_WARN__DUPLICATE_METHOD_MATCH = YES;
				"CODE_SIGN_IDENTITY[sdk=iphoneos*]" = "iPhone Developer";
				COPY_PHASE_STRIP = NO;
				DEBUG_INFORMATION_FORMAT = "dwarf-with-dsym";
				ENABLE_NS_ASSERTIONS = NO;
				ENABLE_STRICT_OBJC_MSGSEND = YES;
				GCC_C_LANGUAGE_STANDARD = gnu99;
				GCC_NO_COMMON_BLOCKS = YES;
				GCC_WARN_64_TO_32_BIT_CONVERSION = YES;
				GCC_WARN_ABOUT_RETURN_TYPE = YES_ERROR;
				GCC_WARN_UNDECLARED_SELECTOR = YES;
				GCC_WARN_UNINITIALIZED_AUTOS = YES_AGGRESSIVE;
				GCC_WARN_UNUSED_FUNCTION = YES;
				GCC_WARN_UNUSED_VARIABLE = YES;
				IPHONEOS_DEPLOYMENT_TARGET = 9.2;
				MTL_ENABLE_DEBUG_INFO = NO;
				SDKROOT = iphoneos;
				TARGETED_DEVICE_FAMILY = "1,2";
				VALIDATE_PRODUCT = YES;
			};
			name = Release;
		};
		B5F0EE151C86179A00249461 /* Debug */ = {
			isa = XCBuildConfiguration;
			buildSettings = {
				ASSETCATALOG_COMPILER_APPICON_NAME = AppIcon;
				INFOPLIST_FILE = "Bull-eye-blind/Info.plist";
				LD_RUNPATH_SEARCH_PATHS = "$(inherited) @executable_path/Frameworks";
				PRODUCT_BUNDLE_IDENTIFIER = "NTNU-SJTU.Bull-eye-blind";
				PRODUCT_NAME = "$(TARGET_NAME)";
			};
			name = Debug;
		};
		B5F0EE161C86179A00249461 /* Release */ = {
			isa = XCBuildConfiguration;
			buildSettings = {
				ASSETCATALOG_COMPILER_APPICON_NAME = AppIcon;
				INFOPLIST_FILE = "Bull-eye-blind/Info.plist";
				LD_RUNPATH_SEARCH_PATHS = "$(inherited) @executable_path/Frameworks";
				PRODUCT_BUNDLE_IDENTIFIER = "NTNU-SJTU.Bull-eye-blind";
				PRODUCT_NAME = "$(TARGET_NAME)";
			};
			name = Release;
		};
		B5F0EE181C86179A00249461 /* Debug */ = {
			isa = XCBuildConfiguration;
			buildSettings = {
				BUNDLE_LOADER = "$(TEST_HOST)";
				INFOPLIST_FILE = "Bull-eye-blindTests/Info.plist";
				LD_RUNPATH_SEARCH_PATHS = "$(inherited) @executable_path/Frameworks @loader_path/Frameworks";
				PRODUCT_BUNDLE_IDENTIFIER = "NTNU-SJTU.Bull-eye-blindTests";
				PRODUCT_NAME = "$(TARGET_NAME)";
				TEST_HOST = "$(BUILT_PRODUCTS_DIR)/Bull-eye-blind.app/Bull-eye-blind";
			};
			name = Debug;
		};
		B5F0EE191C86179A00249461 /* Release */ = {
			isa = XCBuildConfiguration;
			buildSettings = {
				BUNDLE_LOADER = "$(TEST_HOST)";
				INFOPLIST_FILE = "Bull-eye-blindTests/Info.plist";
				LD_RUNPATH_SEARCH_PATHS = "$(inherited) @executable_path/Frameworks @loader_path/Frameworks";
				PRODUCT_BUNDLE_IDENTIFIER = "NTNU-SJTU.Bull-eye-blindTests";
				PRODUCT_NAME = "$(TARGET_NAME)";
				TEST_HOST = "$(BUILT_PRODUCTS_DIR)/Bull-eye-blind.app/Bull-eye-blind";
			};
			name = Release;
		};
		B5F0EE1B1C86179A00249461 /* Debug */ = {
			isa = XCBuildConfiguration;
			buildSettings = {
				INFOPLIST_FILE = "Bull-eye-blindUITests/Info.plist";
				LD_RUNPATH_SEARCH_PATHS = "$(inherited) @executable_path/Frameworks @loader_path/Frameworks";
				PRODUCT_BUNDLE_IDENTIFIER = "NTNU-SJTU.Bull-eye-blindUITests";
				PRODUCT_NAME = "$(TARGET_NAME)";
				TEST_TARGET_NAME = "Bull-eye-blind";
				USES_XCTRUNNER = YES;
			};
			name = Debug;
		};
		B5F0EE1C1C86179A00249461 /* Release */ = {
			isa = XCBuildConfiguration;
			buildSettings = {
				INFOPLIST_FILE = "Bull-eye-blindUITests/Info.plist";
				LD_RUNPATH_SEARCH_PATHS = "$(inherited) @executable_path/Frameworks @loader_path/Frameworks";
				PRODUCT_BUNDLE_IDENTIFIER = "NTNU-SJTU.Bull-eye-blindUITests";
				PRODUCT_NAME = "$(TARGET_NAME)";
				TEST_TARGET_NAME = "Bull-eye-blind";
				USES_XCTRUNNER = YES;
			};
			name = Release;
		};
/* End XCBuildConfiguration section */

/* Begin XCConfigurationList section */
		B5F0EDE71C86179900249461 /* Build configuration list for PBXProject "Bull-eye-blind" */ = {
			isa = XCConfigurationList;
			buildConfigurations = (
				B5F0EE121C86179A00249461 /* Debug */,
				B5F0EE131C86179A00249461 /* Release */,
			);
			defaultConfigurationIsVisible = 0;
			defaultConfigurationName = Release;
		};
		B5F0EE141C86179A00249461 /* Build configuration list for PBXNativeTarget "Bull-eye-blind" */ = {
			isa = XCConfigurationList;
			buildConfigurations = (
				B5F0EE151C86179A00249461 /* Debug */,
				B5F0EE161C86179A00249461 /* Release */,
			);
			defaultConfigurationIsVisible = 0;
		};
		B5F0EE171C86179A00249461 /* Build configuration list for PBXNativeTarget "Bull-eye-blindTests" */ = {
			isa = XCConfigurationList;
			buildConfigurations = (
				B5F0EE181C86179A00249461 /* Debug */,
				B5F0EE191C86179A00249461 /* Release */,
			);
			defaultConfigurationIsVisible = 0;
		};
		B5F0EE1A1C86179A00249461 /* Build configuration list for PBXNativeTarget "Bull-eye-blindUITests" */ = {
			isa = XCConfigurationList;
			buildConfigurations = (
				B5F0EE1B1C86179A00249461 /* Debug */,
				B5F0EE1C1C86179A00249461 /* Release */,
			);
			defaultConfigurationIsVisible = 0;
		};
/* End XCConfigurationList section */
	};
	rootObject = B5F0EDE41C86179900249461 /* Project object */;
}
